name: "Manual Terraform State Unlock"

on:
  workflow_dispatch:
    inputs:
      environment_name:
        description: "Enter the environment name (e.g., dev)"
        required: true
        type: string

jobs:
  unlock_state:
    name: "Unlock Terraform State"
    runs-on: ubuntu-latest

    steps:
      # Step 1: Checkout the repository
      - name: Checkout repository
        uses: actions/checkout@v3

      # Step 2: Set up AWS CLI
      - name: Configure AWS Credentials
        uses: aws-actions/configure-aws-credentials@v3
        with:
          aws-access-key-id: ${{ secrets.AWS_ACCESS_KEY_ID }}
          aws-secret-access-key: ${{ secrets.AWS_SECRET_ACCESS_KEY }}
          aws-region: "ap-south-1"

      # Step 3: Install Terraform
      - name: Setup Terraform
        uses: hashicorp/setup-terraform@v2
        with:
          terraform_version: 1.5.0  # Replace with your desired version

      # Step 4: Get Lock ID from DynamoDB
      - name: 🔓 Get Lock ID from DynamoDB
        id: get-lock-id
        run: |
          lock_id=$(aws dynamodb get-item --table-name cvs-tf-environment \
            --key "{\"LockID\": {\"S\": \"cvs-tf-environment/env:${{ github.event.inputs.environment_name }}/tf_state\"}}" \
            --attributes-to-get Info \
            --region ap-south-1 \
            | jq -r '.Item.Info.S | fromjson | .ID')

          if [ -z "$lock_id" ]; then
            echo "No lock ID found"
            echo "LOCK_ID=none" >> $GITHUB_ENV
          else
            echo "Lock ID found: $lock_id"
            echo "LOCK_ID=$lock_id" >> $GITHUB_ENV
          fi

      # Step 5: Conditional unlock if Lock ID is found
      - name: 🔓 Unlock Terraform State
        if: env.LOCK_ID != 'none'
        run: |
          terraform force-unlock ${{ env.LOCK_ID }}

      # Step 6: Notify if no lock ID is found
      - name: 🚨 No Lock ID Found
        if: env.LOCK_ID == 'none'
        run: |
          echo "No lock ID found, skipping unlock process."

